// !$*UTF8*$!
{
	archiveVersion = 1;
	classes = {
	};
	objectVersion = 46;
	objects = {

/* Begin PBXBuildFile section */
		C21896D31F20543100B7DA75 /* KNAnimation.m in Sources */ = {isa = PBXBuildFile; fileRef = C21896D21F20543100B7DA75 /* KNAnimation.m */; };
		C21896D61F20555700B7DA75 /* UIViewController+KNModalTransitioning.m in Sources */ = {isa = PBXBuildFile; fileRef = C21896D51F20555700B7DA75 /* UIViewController+KNModalTransitioning.m */; };
		C21896D91F205C8C00B7DA75 /* UIViewController+KNPushTransitioning.m in Sources */ = {isa = PBXBuildFile; fileRef = C21896D81F205C8C00B7DA75 /* UIViewController+KNPushTransitioning.m */; };
		C21896DC1F2063EB00B7DA75 /* KNImageAnimation.m in Sources */ = {isa = PBXBuildFile; fileRef = C21896DB1F2063EB00B7DA75 /* KNImageAnimation.m */; };
		C2A198D41F1F2526003A6BD0 /* main.m in Sources */ = {isa = PBXBuildFile; fileRef = C2A198D31F1F2526003A6BD0 /* main.m */; };
		C2A198D71F1F2526003A6BD0 /* AppDelegate.m in Sources */ = {isa = PBXBuildFile; fileRef = C2A198D61F1F2526003A6BD0 /* AppDelegate.m */; };
		C2A198DA1F1F2526003A6BD0 /* ViewController.m in Sources */ = {isa = PBXBuildFile; fileRef = C2A198D91F1F2526003A6BD0 /* ViewController.m */; };
		C2A198DD1F1F2526003A6BD0 /* Main.storyboard in Resources */ = {isa = PBXBuildFile; fileRef = C2A198DB1F1F2526003A6BD0 /* Main.storyboard */; };
		C2A198DF1F1F2526003A6BD0 /* Assets.xcassets in Resources */ = {isa = PBXBuildFile; fileRef = C2A198DE1F1F2526003A6BD0 /* Assets.xcassets */; };
		C2A198E21F1F2526003A6BD0 /* LaunchScreen.storyboard in Resources */ = {isa = PBXBuildFile; fileRef = C2A198E01F1F2526003A6BD0 /* LaunchScreen.storyboard */; };
		C2A199031F1F2572003A6BD0 /* MASCompositeConstraint.m in Sources */ = {isa = PBXBuildFile; fileRef = C2A198EB1F1F2572003A6BD0 /* MASCompositeConstraint.m */; };
		C2A199041F1F2572003A6BD0 /* MASConstraint.m in Sources */ = {isa = PBXBuildFile; fileRef = C2A198EE1F1F2572003A6BD0 /* MASConstraint.m */; };
		C2A199051F1F2572003A6BD0 /* MASConstraintMaker.m in Sources */ = {isa = PBXBuildFile; fileRef = C2A198F01F1F2572003A6BD0 /* MASConstraintMaker.m */; };
		C2A199061F1F2572003A6BD0 /* MASLayoutConstraint.m in Sources */ = {isa = PBXBuildFile; fileRef = C2A198F21F1F2572003A6BD0 /* MASLayoutConstraint.m */; };
		C2A199071F1F2572003A6BD0 /* MASViewAttribute.m in Sources */ = {isa = PBXBuildFile; fileRef = C2A198F61F1F2572003A6BD0 /* MASViewAttribute.m */; };
		C2A199081F1F2572003A6BD0 /* MASViewConstraint.m in Sources */ = {isa = PBXBuildFile; fileRef = C2A198F81F1F2572003A6BD0 /* MASViewConstraint.m */; };
		C2A199091F1F2572003A6BD0 /* NSArray+MASAdditions.m in Sources */ = {isa = PBXBuildFile; fileRef = C2A198FA1F1F2572003A6BD0 /* NSArray+MASAdditions.m */; };
		C2A1990A1F1F2572003A6BD0 /* NSLayoutConstraint+MASDebugAdditions.m in Sources */ = {isa = PBXBuildFile; fileRef = C2A198FD1F1F2572003A6BD0 /* NSLayoutConstraint+MASDebugAdditions.m */; };
		C2A1990B1F1F2572003A6BD0 /* View+MASAdditions.m in Sources */ = {isa = PBXBuildFile; fileRef = C2A198FF1F1F2572003A6BD0 /* View+MASAdditions.m */; };
		C2A1990C1F1F2572003A6BD0 /* ViewController+MASAdditions.m in Sources */ = {isa = PBXBuildFile; fileRef = C2A199021F1F2572003A6BD0 /* ViewController+MASAdditions.m */; };
		C2A199101F1F2B6E003A6BD0 /* 123.jpg in Resources */ = {isa = PBXBuildFile; fileRef = C2A1990F1F1F2B6E003A6BD0 /* 123.jpg */; };
		C2A199131F1F2BC1003A6BD0 /* Models.m in Sources */ = {isa = PBXBuildFile; fileRef = C2A199121F1F2BC1003A6BD0 /* Models.m */; };
		C2A199161F1F3733003A6BD0 /* ModelsCell.m in Sources */ = {isa = PBXBuildFile; fileRef = C2A199151F1F3733003A6BD0 /* ModelsCell.m */; };
		C2A199191F1F5034003A6BD0 /* KNImageViewController.m in Sources */ = {isa = PBXBuildFile; fileRef = C2A199181F1F5034003A6BD0 /* KNImageViewController.m */; };
/* End PBXBuildFile section */

/* Begin PBXFileReference section */
		C21896D11F20543100B7DA75 /* KNAnimation.h */ = {isa = PBXFileReference; fileEncoding = 4; lastKnownFileType = sourcecode.c.h; path = KNAnimation.h; sourceTree = "<group>"; };
		C21896D21F20543100B7DA75 /* KNAnimation.m */ = {isa = PBXFileReference; fileEncoding = 4; lastKnownFileType = sourcecode.c.objc; path = KNAnimation.m; sourceTree = "<group>"; };
		C21896D41F20555700B7DA75 /* UIViewController+KNModalTransitioning.h */ = {isa = PBXFileReference; fileEncoding = 4; lastKnownFileType = sourcecode.c.h; path = "UIViewController+KNModalTransitioning.h"; sourceTree = "<group>"; };
		C21896D51F20555700B7DA75 /* UIViewController+KNModalTransitioning.m */ = {isa = PBXFileReference; fileEncoding = 4; lastKnownFileType = sourcecode.c.objc; path = "UIViewController+KNModalTransitioning.m"; sourceTree = "<group>"; };
		C21896D71F205C8C00B7DA75 /* UIViewController+KNPushTransitioning.h */ = {isa = PBXFileReference; fileEncoding = 4; lastKnownFileType = sourcecode.c.h; path = "UIViewController+KNPushTransitioning.h"; sourceTree = "<group>"; };
		C21896D81F205C8C00B7DA75 /* UIViewController+KNPushTransitioning.m */ = {isa = PBXFileReference; fileEncoding = 4; lastKnownFileType = sourcecode.c.objc; path = "UIViewController+KNPushTransitioning.m"; sourceTree = "<group>"; };
		C21896DA1F2063EB00B7DA75 /* KNImageAnimation.h */ = {isa = PBXFileReference; fileEncoding = 4; lastKnownFileType = sourcecode.c.h; path = KNImageAnimation.h; sourceTree = "<group>"; };
		C21896DB1F2063EB00B7DA75 /* KNImageAnimation.m */ = {isa = PBXFileReference; fileEncoding = 4; lastKnownFileType = sourcecode.c.objc; path = KNImageAnimation.m; sourceTree = "<group>"; };
		C21896DE1F206D3300B7DA75 /* KNTransitioning.h */ = {isa = PBXFileReference; lastKnownFileType = sourcecode.c.h; path = KNTransitioning.h; sourceTree = "<group>"; };
		C2A198CF1F1F2526003A6BD0 /* KNImageTransitioning.app */ = {isa = PBXFileReference; explicitFileType = wrapper.application; includeInIndex = 0; path = KNImageTransitioning.app; sourceTree = BUILT_PRODUCTS_DIR; };
		C2A198D31F1F2526003A6BD0 /* main.m */ = {isa = PBXFileReference; lastKnownFileType = sourcecode.c.objc; path = main.m; sourceTree = "<group>"; };
		C2A198D51F1F2526003A6BD0 /* AppDelegate.h */ = {isa = PBXFileReference; lastKnownFileType = sourcecode.c.h; path = AppDelegate.h; sourceTree = "<group>"; };
		C2A198D61F1F2526003A6BD0 /* AppDelegate.m */ = {isa = PBXFileReference; lastKnownFileType = sourcecode.c.objc; path = AppDelegate.m; sourceTree = "<group>"; };
		C2A198D81F1F2526003A6BD0 /* ViewController.h */ = {isa = PBXFileReference; lastKnownFileType = sourcecode.c.h; path = ViewController.h; sourceTree = "<group>"; };
		C2A198D91F1F2526003A6BD0 /* ViewController.m */ = {isa = PBXFileReference; lastKnownFileType = sourcecode.c.objc; path = ViewController.m; sourceTree = "<group>"; };
		C2A198DC1F1F2526003A6BD0 /* Base */ = {isa = PBXFileReference; lastKnownFileType = file.storyboard; name = Base; path = Base.lproj/Main.storyboard; sourceTree = "<group>"; };
		C2A198DE1F1F2526003A6BD0 /* Assets.xcassets */ = {isa = PBXFileReference; lastKnownFileType = folder.assetcatalog; path = Assets.xcassets; sourceTree = "<group>"; };
		C2A198E11F1F2526003A6BD0 /* Base */ = {isa = PBXFileReference; lastKnownFileType = file.storyboard; name = Base; path = Base.lproj/LaunchScreen.storyboard; sourceTree = "<group>"; };
		C2A198E31F1F2526003A6BD0 /* Info.plist */ = {isa = PBXFileReference; lastKnownFileType = text.plist.xml; path = Info.plist; sourceTree = "<group>"; };
		C2A198EA1F1F2572003A6BD0 /* MASCompositeConstraint.h */ = {isa = PBXFileReference; fileEncoding = 4; lastKnownFileType = sourcecode.c.h; path = MASCompositeConstraint.h; sourceTree = "<group>"; };
		C2A198EB1F1F2572003A6BD0 /* MASCompositeConstraint.m */ = {isa = PBXFileReference; fileEncoding = 4; lastKnownFileType = sourcecode.c.objc; path = MASCompositeConstraint.m; sourceTree = "<group>"; };
		C2A198EC1F1F2572003A6BD0 /* MASConstraint+Private.h */ = {isa = PBXFileReference; fileEncoding = 4; lastKnownFileType = sourcecode.c.h; path = "MASConstraint+Private.h"; sourceTree = "<group>"; };
		C2A198ED1F1F2572003A6BD0 /* MASConstraint.h */ = {isa = PBXFileReference; fileEncoding = 4; lastKnownFileType = sourcecode.c.h; path = MASConstraint.h; sourceTree = "<group>"; };
		C2A198EE1F1F2572003A6BD0 /* MASConstraint.m */ = {isa = PBXFileReference; fileEncoding = 4; lastKnownFileType = sourcecode.c.objc; path = MASConstraint.m; sourceTree = "<group>"; };
		C2A198EF1F1F2572003A6BD0 /* MASConstraintMaker.h */ = {isa = PBXFileReference; fileEncoding = 4; lastKnownFileType = sourcecode.c.h; path = MASConstraintMaker.h; sourceTree = "<group>"; };
		C2A198F01F1F2572003A6BD0 /* MASConstraintMaker.m */ = {isa = PBXFileReference; fileEncoding = 4; lastKnownFileType = sourcecode.c.objc; path = MASConstraintMaker.m; sourceTree = "<group>"; };
		C2A198F11F1F2572003A6BD0 /* MASLayoutConstraint.h */ = {isa = PBXFileReference; fileEncoding = 4; lastKnownFileType = sourcecode.c.h; path = MASLayoutConstraint.h; sourceTree = "<group>"; };
		C2A198F21F1F2572003A6BD0 /* MASLayoutConstraint.m */ = {isa = PBXFileReference; fileEncoding = 4; lastKnownFileType = sourcecode.c.objc; path = MASLayoutConstraint.m; sourceTree = "<group>"; };
		C2A198F31F1F2572003A6BD0 /* Masonry.h */ = {isa = PBXFileReference; fileEncoding = 4; lastKnownFileType = sourcecode.c.h; path = Masonry.h; sourceTree = "<group>"; };
		C2A198F41F1F2572003A6BD0 /* MASUtilities.h */ = {isa = PBXFileReference; fileEncoding = 4; lastKnownFileType = sourcecode.c.h; path = MASUtilities.h; sourceTree = "<group>"; };
		C2A198F51F1F2572003A6BD0 /* MASViewAttribute.h */ = {isa = PBXFileReference; fileEncoding = 4; lastKnownFileType = sourcecode.c.h; path = MASViewAttribute.h; sourceTree = "<group>"; };
		C2A198F61F1F2572003A6BD0 /* MASViewAttribute.m */ = {isa = PBXFileReference; fileEncoding = 4; lastKnownFileType = sourcecode.c.objc; path = MASViewAttribute.m; sourceTree = "<group>"; };
		C2A198F71F1F2572003A6BD0 /* MASViewConstraint.h */ = {isa = PBXFileReference; fileEncoding = 4; lastKnownFileType = sourcecode.c.h; path = MASViewConstraint.h; sourceTree = "<group>"; };
		C2A198F81F1F2572003A6BD0 /* MASViewConstraint.m */ = {isa = PBXFileReference; fileEncoding = 4; lastKnownFileType = sourcecode.c.objc; path = MASViewConstraint.m; sourceTree = "<group>"; };
		C2A198F91F1F2572003A6BD0 /* NSArray+MASAdditions.h */ = {isa = PBXFileReference; fileEncoding = 4; lastKnownFileType = sourcecode.c.h; path = "NSArray+MASAdditions.h"; sourceTree = "<group>"; };
		C2A198FA1F1F2572003A6BD0 /* NSArray+MASAdditions.m */ = {isa = PBXFileReference; fileEncoding = 4; lastKnownFileType = sourcecode.c.objc; path = "NSArray+MASAdditions.m"; sourceTree = "<group>"; };
		C2A198FB1F1F2572003A6BD0 /* NSArray+MASShorthandAdditions.h */ = {isa = PBXFileReference; fileEncoding = 4; lastKnownFileType = sourcecode.c.h; path = "NSArray+MASShorthandAdditions.h"; sourceTree = "<group>"; };
		C2A198FC1F1F2572003A6BD0 /* NSLayoutConstraint+MASDebugAdditions.h */ = {isa = PBXFileReference; fileEncoding = 4; lastKnownFileType = sourcecode.c.h; path = "NSLayoutConstraint+MASDebugAdditions.h"; sourceTree = "<group>"; };
		C2A198FD1F1F2572003A6BD0 /* NSLayoutConstraint+MASDebugAdditions.m */ = {isa = PBXFileReference; fileEncoding = 4; lastKnownFileType = sourcecode.c.objc; path = "NSLayoutConstraint+MASDebugAdditions.m"; sourceTree = "<group>"; };
		C2A198FE1F1F2572003A6BD0 /* View+MASAdditions.h */ = {isa = PBXFileReference; fileEncoding = 4; lastKnownFileType = sourcecode.c.h; path = "View+MASAdditions.h"; sourceTree = "<group>"; };
		C2A198FF1F1F2572003A6BD0 /* View+MASAdditions.m */ = {isa = PBXFileReference; fileEncoding = 4; lastKnownFileType = sourcecode.c.objc; path = "View+MASAdditions.m"; sourceTree = "<group>"; };
		C2A199001F1F2572003A6BD0 /* View+MASShorthandAdditions.h */ = {isa = PBXFileReference; fileEncoding = 4; lastKnownFileType = sourcecode.c.h; path = "View+MASShorthandAdditions.h"; sourceTree = "<group>"; };
		C2A199011F1F2572003A6BD0 /* ViewController+MASAdditions.h */ = {isa = PBXFileReference; fileEncoding = 4; lastKnownFileType = sourcecode.c.h; path = "ViewController+MASAdditions.h"; sourceTree = "<group>"; };
		C2A199021F1F2572003A6BD0 /* ViewController+MASAdditions.m */ = {isa = PBXFileReference; fileEncoding = 4; lastKnownFileType = sourcecode.c.objc; path = "ViewController+MASAdditions.m"; sourceTree = "<group>"; };
		C2A1990F1F1F2B6E003A6BD0 /* 123.jpg */ = {isa = PBXFileReference; lastKnownFileType = image.jpeg; path = 123.jpg; sourceTree = "<group>"; };
		C2A199111F1F2BC1003A6BD0 /* Models.h */ = {isa = PBXFileReference; fileEncoding = 4; lastKnownFileType = sourcecode.c.h; path = Models.h; sourceTree = "<group>"; };
		C2A199121F1F2BC1003A6BD0 /* Models.m */ = {isa = PBXFileReference; fileEncoding = 4; lastKnownFileType = sourcecode.c.objc; path = Models.m; sourceTree = "<group>"; };
		C2A199141F1F3733003A6BD0 /* ModelsCell.h */ = {isa = PBXFileReference; fileEncoding = 4; lastKnownFileType = sourcecode.c.h; path = ModelsCell.h; sourceTree = "<group>"; };
		C2A199151F1F3733003A6BD0 /* ModelsCell.m */ = {isa = PBXFileReference; fileEncoding = 4; lastKnownFileType = sourcecode.c.objc; path = ModelsCell.m; sourceTree = "<group>"; };
		C2A199171F1F5034003A6BD0 /* KNImageViewController.h */ = {isa = PBXFileReference; fileEncoding = 4; lastKnownFileType = sourcecode.c.h; path = KNImageViewController.h; sourceTree = "<group>"; };
		C2A199181F1F5034003A6BD0 /* KNImageViewController.m */ = {isa = PBXFileReference; fileEncoding = 4; lastKnownFileType = sourcecode.c.objc; path = KNImageViewController.m; sourceTree = "<group>"; };
/* End PBXFileReference section */

/* Begin PBXFrameworksBuildPhase section */
		C2A198CC1F1F2526003A6BD0 /* Frameworks */ = {
			isa = PBXFrameworksBuildPhase;
			buildActionMask = 2147483647;
			files = (
			);
			runOnlyForDeploymentPostprocessing = 0;
		};
/* End PBXFrameworksBuildPhase section */

/* Begin PBXGroup section */
		C2A198C61F1F2526003A6BD0 = {
			isa = PBXGroup;
			children = (
				C2A198D11F1F2526003A6BD0 /* KNImageTransitioning */,
				C2A198D01F1F2526003A6BD0 /* Products */,
			);
			sourceTree = "<group>";
		};
		C2A198D01F1F2526003A6BD0 /* Products */ = {
			isa = PBXGroup;
			children = (
				C2A198CF1F1F2526003A6BD0 /* KNImageTransitioning.app */,
			);
			name = Products;
			sourceTree = "<group>";
		};
		C2A198D11F1F2526003A6BD0 /* KNImageTransitioning */ = {
			isa = PBXGroup;
			children = (
				C2A198E91F1F2572003A6BD0 /* Masonry */,
				C2A1990D1F1F2611003A6BD0 /* KNTransitioning */,
				C2A198D51F1F2526003A6BD0 /* AppDelegate.h */,
				C2A198D61F1F2526003A6BD0 /* AppDelegate.m */,
				C2A198D81F1F2526003A6BD0 /* ViewController.h */,
				C2A198D91F1F2526003A6BD0 /* ViewController.m */,
				C2A199141F1F3733003A6BD0 /* ModelsCell.h */,
				C2A199151F1F3733003A6BD0 /* ModelsCell.m */,
				C2A199111F1F2BC1003A6BD0 /* Models.h */,
				C2A199121F1F2BC1003A6BD0 /* Models.m */,
				C2A199171F1F5034003A6BD0 /* KNImageViewController.h */,
				C2A199181F1F5034003A6BD0 /* KNImageViewController.m */,
				C2A198DB1F1F2526003A6BD0 /* Main.storyboard */,
				C2A198DE1F1F2526003A6BD0 /* Assets.xcassets */,
				C2A1990F1F1F2B6E003A6BD0 /* 123.jpg */,
				C2A198E01F1F2526003A6BD0 /* LaunchScreen.storyboard */,
				C2A198E31F1F2526003A6BD0 /* Info.plist */,
				C2A198D21F1F2526003A6BD0 /* Supporting Files */,
			);
			path = KNImageTransitioning;
			sourceTree = "<group>";
		};
		C2A198D21F1F2526003A6BD0 /* Supporting Files */ = {
			isa = PBXGroup;
			children = (
				C2A198D31F1F2526003A6BD0 /* main.m */,
			);
			name = "Supporting Files";
			sourceTree = "<group>";
		};
		C2A198E91F1F2572003A6BD0 /* Masonry */ = {
			isa = PBXGroup;
			children = (
				C2A198EA1F1F2572003A6BD0 /* MASCompositeConstraint.h */,
				C2A198EB1F1F2572003A6BD0 /* MASCompositeConstraint.m */,
				C2A198EC1F1F2572003A6BD0 /* MASConstraint+Private.h */,
				C2A198ED1F1F2572003A6BD0 /* MASConstraint.h */,
				C2A198EE1F1F2572003A6BD0 /* MASConstraint.m */,
				C2A198EF1F1F2572003A6BD0 /* MASConstraintMaker.h */,
				C2A198F01F1F2572003A6BD0 /* MASConstraintMaker.m */,
				C2A198F11F1F2572003A6BD0 /* MASLayoutConstraint.h */,
				C2A198F21F1F2572003A6BD0 /* MASLayoutConstraint.m */,
				C2A198F31F1F2572003A6BD0 /* Masonry.h */,
				C2A198F41F1F2572003A6BD0 /* MASUtilities.h */,
				C2A198F51F1F2572003A6BD0 /* MASViewAttribute.h */,
				C2A198F61F1F2572003A6BD0 /* MASViewAttribute.m */,
				C2A198F71F1F2572003A6BD0 /* MASViewConstraint.h */,
				C2A198F81F1F2572003A6BD0 /* MASViewConstraint.m */,
				C2A198F91F1F2572003A6BD0 /* NSArray+MASAdditions.h */,
				C2A198FA1F1F2572003A6BD0 /* NSArray+MASAdditions.m */,
				C2A198FB1F1F2572003A6BD0 /* NSArray+MASShorthandAdditions.h */,
				C2A198FC1F1F2572003A6BD0 /* NSLayoutConstraint+MASDebugAdditions.h */,
				C2A198FD1F1F2572003A6BD0 /* NSLayoutConstraint+MASDebugAdditions.m */,
				C2A198FE1F1F2572003A6BD0 /* View+MASAdditions.h */,
				C2A198FF1F1F2572003A6BD0 /* View+MASAdditions.m */,
				C2A199001F1F2572003A6BD0 /* View+MASShorthandAdditions.h */,
				C2A199011F1F2572003A6BD0 /* ViewController+MASAdditions.h */,
				C2A199021F1F2572003A6BD0 /* ViewController+MASAdditions.m */,
			);
			path = Masonry;
			sourceTree = "<group>";
		};
		C2A1990D1F1F2611003A6BD0 /* KNTransitioning */ = {
			isa = PBXGroup;
			children = (
				C2A1990E1F1F2611003A6BD0 /* Animations */,
				C21896D11F20543100B7DA75 /* KNAnimation.h */,
				C21896D21F20543100B7DA75 /* KNAnimation.m */,
				C21896D41F20555700B7DA75 /* UIViewController+KNModalTransitioning.h */,
				C21896D51F20555700B7DA75 /* UIViewController+KNModalTransitioning.m */,
				C21896D71F205C8C00B7DA75 /* UIViewController+KNPushTransitioning.h */,
				C21896D81F205C8C00B7DA75 /* UIViewController+KNPushTransitioning.m */,
				C21896DE1F206D3300B7DA75 /* KNTransitioning.h */,
			);
			path = KNTransitioning;
			sourceTree = "<group>";
		};
		C2A1990E1F1F2611003A6BD0 /* Animations */ = {
			isa = PBXGroup;
			children = (
				C21896DA1F2063EB00B7DA75 /* KNImageAnimation.h */,
				C21896DB1F2063EB00B7DA75 /* KNImageAnimation.m */,
			);
			path = Animations;
			sourceTree = "<group>";
		};
/* End PBXGroup section */

/* Begin PBXNativeTarget section */
		C2A198CE1F1F2526003A6BD0 /* KNImageTransitioning */ = {
			isa = PBXNativeTarget;
			buildConfigurationList = C2A198E61F1F2526003A6BD0 /* Build configuration list for PBXNativeTarget "KNImageTransitioning" */;
			buildPhases = (
				C2A198CB1F1F2526003A6BD0 /* Sources */,
				C2A198CC1F1F2526003A6BD0 /* Frameworks */,
				C2A198CD1F1F2526003A6BD0 /* Resources */,
			);
			buildRules = (
			);
			dependencies = (
			);
			name = KNImageTransitioning;
			productName = KNImageTransitioning;
			productReference = C2A198CF1F1F2526003A6BD0 /* KNImageTransitioning.app */;
			productType = "com.apple.product-type.application";
		};
/* End PBXNativeTarget section */

/* Begin PBXProject section */
		C2A198C71F1F2526003A6BD0 /* Project object */ = {
			isa = PBXProject;
			attributes = {
				LastUpgradeCheck = 0830;
				ORGANIZATIONNAME = Krystal;
				TargetAttributes = {
					C2A198CE1F1F2526003A6BD0 = {
						CreatedOnToolsVersion = 8.3.3;
						DevelopmentTeam = VG6Q85865M;
						ProvisioningStyle = Automatic;
					};
				};
			};
			buildConfigurationList = C2A198CA1F1F2526003A6BD0 /* Build configuration list for PBXProject "KNImageTransitioning" */;
			compatibilityVersion = "Xcode 3.2";
			developmentRegion = English;
			hasScannedForEncodings = 0;
			knownRegions = (
				en,
				Base,
			);
			mainGroup = C2A198C61F1F2526003A6BD0;
			productRefGroup = C2A198D01F1F2526003A6BD0 /* Products */;
			projectDirPath = "";
			projectRoot = "";
			targets = (
				C2A198CE1F1F2526003A6BD0 /* KNImageTransitioning */,
			);
		};
/* End PBXProject section */

/* Begin PBXResourcesBuildPhase section */
		C2A198CD1F1F2526003A6BD0 /* Resources */ = {
			isa = PBXResourcesBuildPhase;
			buildActionMask = 2147483647;
			files = (
				C2A199101F1F2B6E003A6BD0 /* 123.jpg in Resources */,
				C2A198E21F1F2526003A6BD0 /* LaunchScreen.storyboard in Resources */,
				C2A198DF1F1F2526003A6BD0 /* Assets.xcassets in Resources */,
				C2A198DD1F1F2526003A6BD0 /* Main.storyboard in Resources */,
			);
			runOnlyForDeploymentPostprocessing = 0;
		};
/* End PBXResourcesBuildPhase section */

/* Begin PBXSourcesBuildPhase section */
		C2A198CB1F1F2526003A6BD0 /* Sources */ = {
			isa = PBXSourcesBuildPhase;
			buildActionMask = 2147483647;
			files = (
				C2A1990A1F1F2572003A6BD0 /* NSLayoutConstraint+MASDebugAdditions.m in Sources */,
				C2A199081F1F2572003A6BD0 /* MASViewConstraint.m in Sources */,
				C2A199031F1F2572003A6BD0 /* MASCompositeConstraint.m in Sources */,
				C2A199091F1F2572003A6BD0 /* NSArray+MASAdditions.m in Sources */,
				C2A198DA1F1F2526003A6BD0 /* ViewController.m in Sources */,
				C2A198D71F1F2526003A6BD0 /* AppDelegate.m in Sources */,
				C2A199061F1F2572003A6BD0 /* MASLayoutConstraint.m in Sources */,
				C2A198D41F1F2526003A6BD0 /* main.m in Sources */,
				C2A1990C1F1F2572003A6BD0 /* ViewController+MASAdditions.m in Sources */,
				C21896DC1F2063EB00B7DA75 /* KNImageAnimation.m in Sources */,
				C2A199161F1F3733003A6BD0 /* ModelsCell.m in Sources */,
				C21896D31F20543100B7DA75 /* KNAnimation.m in Sources */,
				C2A199131F1F2BC1003A6BD0 /* Models.m in Sources */,
				C2A1990B1F1F2572003A6BD0 /* View+MASAdditions.m in Sources */,
				C21896D61F20555700B7DA75 /* UIViewController+KNModalTransitioning.m in Sources */,
				C2A199071F1F2572003A6BD0 /* MASViewAttribute.m in Sources */,
				C2A199191F1F5034003A6BD0 /* KNImageViewController.m in Sources */,
				C2A199041F1F2572003A6BD0 /* MASConstraint.m in Sources */,
				C21896D91F205C8C00B7DA75 /* UIViewController+KNPushTransitioning.m in Sources */,
				C2A199051F1F2572003A6BD0 /* MASConstraintMaker.m in Sources */,
			);
			runOnlyForDeploymentPostprocessing = 0;
		};
/* End PBXSourcesBuildPhase section */

/* Begin PBXVariantGroup section */
		C2A198DB1F1F2526003A6BD0 /* Main.storyboard */ = {
			isa = PBXVariantGroup;
			children = (
				C2A198DC1F1F2526003A6BD0 /* Base */,
			);
			name = Main.storyboard;
			sourceTree = "<group>";
		};
		C2A198E01F1F2526003A6BD0 /* LaunchScreen.storyboard */ = {
			isa = PBXVariantGroup;
			children = (
				C2A198E11F1F2526003A6BD0 /* Base */,
			);
			name = LaunchScreen.storyboard;
			sourceTree = "<group>";
		};
/* End PBXVariantGroup section */

/* Begin XCBuildConfiguration section */
		C2A198E41F1F2526003A6BD0 /* Debug */ = {
			isa = XCBuildConfiguration;
			buildSettings = {
				ALWAYS_SEARCH_USER_PATHS = NO;
				CLANG_ANALYZER_NONNULL = YES;
				CLANG_ANALYZER_NUMBER_OBJECT_CONVERSION = YES_AGGRESSIVE;
				CLANG_CXX_LANGUAGE_STANDARD = "gnu++0x";
				CLANG_CXX_LIBRARY = "libc++";
				CLANG_ENABLE_MODULES = YES;
				CLANG_ENABLE_OBJC_ARC = YES;
				CLANG_WARN_BOOL_CONVERSION = YES;
				CLANG_WARN_CONSTANT_CONVERSION = YES;
				CLANG_WARN_DIRECT_OBJC_ISA_USAGE = YES_ERROR;
				CLANG_WARN_DOCUMENTATION_COMMENTS = YES;
				CLANG_WARN_EMPTY_BODY = YES;
				CLANG_WARN_ENUM_CONVERSION = YES;
				CLANG_WARN_INFINITE_RECURSION = YES;
				CLANG_WARN_INT_CONVERSION = YES;
				CLANG_WARN_OBJC_ROOT_CLASS = YES_ERROR;
				CLANG_WARN_SUSPICIOUS_MOVE = YES;
				CLANG_WARN_UNREACHABLE_CODE = YES;
				CLANG_WARN__DUPLICATE_METHOD_MATCH = YES;
				"CODE_SIGN_IDENTITY[sdk=iphoneos*]" = "iPhone Developer";
				COPY_PHASE_STRIP = NO;
				DEBUG_INFORMATION_FORMAT = dwarf;
				ENABLE_STRICT_OBJC_MSGSEND = YES;
				ENABLE_TESTABILITY = YES;
				GCC_C_LANGUAGE_STANDARD = gnu99;
				GCC_DYNAMIC_NO_PIC = NO;
				GCC_NO_COMMON_BLOCKS = YES;
				GCC_OPTIMIZATION_LEVEL = 0;
				GCC_PREPROCESSOR_DEFINITIONS = (
					"DEBUG=1",
					"$(inherited)",
				);
				GCC_WARN_64_TO_32_BIT_CONVERSION = YES;
				GCC_WARN_ABOUT_RETURN_TYPE = YES_ERROR;
				GCC_WARN_UNDECLARED_SELECTOR = YES;
				GCC_WARN_UNINITIALIZED_AUTOS = YES_AGGRESSIVE;
				GCC_WARN_UNUSED_FUNCTION = YES;
				GCC_WARN_UNUSED_VARIABLE = YES;
				IPHONEOS_DEPLOYMENT_TARGET = 10.3;
				MTL_ENABLE_DEBUG_INFO = YES;
				ONLY_ACTIVE_ARCH = YES;
				SDKROOT = iphoneos;
			};
			name = Debug;
		};
		C2A198E51F1F2526003A6BD0 /* Release */ = {
			isa = XCBuildConfiguration;
			buildSettings = {
				ALWAYS_SEARCH_USER_PATHS = NO;
				CLANG_ANALYZER_NONNULL = YES;
				CLANG_ANALYZER_NUMBER_OBJECT_CONVERSION = YES_AGGRESSIVE;
				CLANG_CXX_LANGUAGE_STANDARD = "gnu++0x";
				CLANG_CXX_LIBRARY = "libc++";
				CLANG_ENABLE_MODULES = YES;
				CLANG_ENABLE_OBJC_ARC = YES;
				CLANG_WARN_BOOL_CONVERSION = YES;
				CLANG_WARN_CONSTANT_CONVERSION = YES;
				CLANG_WARN_DIRECT_OBJC_ISA_USAGE = YES_ERROR;
				CLANG_WARN_DOCUMENTATION_COMMENTS = YES;
				CLANG_WARN_EMPTY_BODY = YES;
				CLANG_WARN_ENUM_CONVERSION = YES;
				CLANG_WARN_INFINITE_RECURSION = YES;
				CLANG_WARN_INT_CONVERSION = YES;
				CLANG_WARN_OBJC_ROOT_CLASS = YES_ERROR;
				CLANG_WARN_SUSPICIOUS_MOVE = YES;
				CLANG_WARN_UNREACHABLE_CODE = YES;
				CLANG_WARN__DUPLICATE_METHOD_MATCH = YES;
				"CODE_SIGN_IDENTITY[sdk=iphoneos*]" = "iPhone Developer";
				COPY_PHASE_STRIP = NO;
				DEBUG_INFORMATION_FORMAT = "dwarf-with-dsym";
				ENABLE_NS_ASSERTIONS = NO;
				ENABLE_STRICT_OBJC_MSGSEND = YES;
				GCC_C_LANGUAGE_STANDARD = gnu99;
				GCC_NO_COMMON_BLOCKS = YES;
				GCC_WARN_64_TO_32_BIT_CONVERSION = YES;
				GCC_WARN_ABOUT_RETURN_TYPE = YES_ERROR;
				GCC_WARN_UNDECLARED_SELECTOR = YES;
				GCC_WARN_UNINITIALIZED_AUTOS = YES_AGGRESSIVE;
				GCC_WARN_UNUSED_FUNCTION = YES;
				GCC_WARN_UNUSED_VARIABLE = YES;
				IPHONEOS_DEPLOYMENT_TARGET = 10.3;
				MTL_ENABLE_DEBUG_INFO = NO;
				SDKROOT = iphoneos;
				VALIDATE_PRODUCT = YES;
			};
			name = Release;
		};
		C2A198E71F1F2526003A6BD0 /* Debug */ = {
			isa = XCBuildConfiguration;
			buildSettings = {
				ASSETCATALOG_COMPILER_APPICON_NAME = AppIcon;
				DEVELOPMENT_TEAM = VG6Q85865M;
				INFOPLIST_FILE = KNImageTransitioning/Info.plist;
				LD_RUNPATH_SEARCH_PATHS = "$(inherited) @executable_path/Frameworks";
				PRODUCT_BUNDLE_IDENTIFIER = Leessang.KNImageTransitioning;
				PRODUCT_NAME = "$(TARGET_NAME)";
			};
			name = Debug;
		};
		C2A198E81F1F2526003A6BD0 /* Release */ = {
			isa = XCBuildConfiguration;
			buildSettings = {
				ASSETCATALOG_COMPILER_APPICON_NAME = AppIcon;
				DEVELOPMENT_TEAM = VG6Q85865M;
				INFOPLIST_FILE = KNImageTransitioning/Info.plist;
				LD_RUNPATH_SEARCH_PATHS = "$(inherited) @executable_path/Frameworks";
				PRODUCT_BUNDLE_IDENTIFIER = Leessang.KNImageTransitioning;
				PRODUCT_NAME = "$(TARGET_NAME)";
			};
			name = Release;
		};
/* End XCBuildConfiguration section */

/* Begin XCConfigurationList section */
		C2A198CA1F1F2526003A6BD0 /* Build configuration list for PBXProject "KNImageTransitioning" */ = {
			isa = XCConfigurationList;
			buildConfigurations = (
				C2A198E41F1F2526003A6BD0 /* Debug */,
				C2A198E51F1F2526003A6BD0 /* Release */,
			);
			defaultConfigurationIsVisible = 0;
			defaultConfigurationName = Release;
		};
		C2A198E61F1F2526003A6BD0 /* Build configuration list for PBXNativeTarget "KNImageTransitioning" */ = {
			isa = XCConfigurationList;
			buildConfigurations = (
				C2A198E71F1F2526003A6BD0 /* Debug */,
				C2A198E81F1F2526003A6BD0 /* Release */,
			);
			defaultConfigurationIsVisible = 0;
			defaultConfigurationName = Release;
		};
/* End XCConfigurationList section */
	};
	rootObject = C2A198C71F1F2526003A6BD0 /* Project object */;
}
